
Microsoft Visual Studio Solution File, Format Version 12.00
# Visual Studio 2013
VisualStudioVersion = 12.0.31101.0
MinimumVisualStudioVersion = 10.0.40219.1
Project("{E24C65DC-7377-472B-9ABA-BC803B73C61A}") = "nooch_landlordwebapp", "http://localhost:42865", "{0A54DBD4-DAD1-4C06-9693-1D7548E1B64A}"
	ProjectSection(WebsiteProperties) = preProject
		UseIISExpress = "true"
		TargetFrameworkMoniker = ".NETFramework,Version%3Dv4.0"
		Debug.AspNetCompiler.VirtualPath = "/localhost_42865"
		Debug.AspNetCompiler.PhysicalPath = "..\..\..\..\..\..\nooch_landlordwebapp\"
		Debug.AspNetCompiler.TargetPath = "PrecompiledWeb\localhost_42865\"
		Debug.AspNetCompiler.Updateable = "true"
		Debug.AspNetCompiler.ForceOverwrite = "true"
		Debug.AspNetCompiler.FixedNames = "false"
		Debug.AspNetCompiler.Debug = "True"
		Release.AspNetCompiler.VirtualPath = "/localhost_42865"
		Release.AspNetCompiler.PhysicalPath = "..\..\..\..\..\..\nooch_landlordwebapp\"
		Release.AspNetCompiler.TargetPath = "PrecompiledWeb\localhost_42865\"
		Release.AspNetCompiler.Updateable = "true"
		Release.AspNetCompiler.ForceOverwrite = "true"
		Release.AspNetCompiler.FixedNames = "false"
		Release.AspNetCompiler.Debug = "False"
		SlnRelativePath = "..\..\..\..\..\..\nooch_landlordwebapp\"
	EndProjectSection
EndProject
Global
	GlobalSection(SolutionConfigurationPlatforms) = preSolution
		Debug|Any CPU = Debug|Any CPU
	EndGlobalSection
	GlobalSection(ProjectConfigurationPlatforms) = postSolution
		{0A54DBD4-DAD1-4C06-9693-1D7548E1B64A}.Debug|Any CPU.ActiveCfg = Debug|Any CPU
		{0A54DBD4-DAD1-4C06-9693-1D7548E1B64A}.Debug|Any CPU.Build.0 = Debug|Any CPU
	EndGlobalSection
	GlobalSection(SolutionProperties) = preSolution
		HideSolutionNode = FALSE
	EndGlobalSection
EndGlobal
